# THIS IS AN AUTOGENERATED FILE. DO NOT EDIT THIS FILE DIRECTLY.
# yarn lockfile v1


"@types/node@^10.12.0":
  version "10.12.5"
  resolved "https://registry.yarnpkg.com/@types/node/-/node-10.12.5.tgz#7e7ea1a9b34d2c8d704cb0b755dffbcda34741ad"
  integrity sha512-GzdHjq3t3eGLMv92Al90Iq+EoLL+86mPfQhuglbBFO7HiLdC/rkt+zrzJJumAiBF6nsrBWhou22rPW663AAyFw==

"@types/prettier@^1.13.2":
  version "1.13.2"
  resolved "https://registry.yarnpkg.com/@types/prettier/-/prettier-1.13.2.tgz#ffe96278e712a8d4e467e367a338b05e22872646"
  integrity sha512-k6MCN8WuDiCj6O+UJsVMbrreZxkbrhQbO02oDj6yuRu8UAkp0MDdEcDKif8/gBKuJbT84kkO+VHQAqXkumEklg==

apollo-link@^1.2.3:
  version "1.2.3"
  resolved "https://registry.yarnpkg.com/apollo-link/-/apollo-link-1.2.3.tgz#9bd8d5fe1d88d31dc91dae9ecc22474d451fb70d"
  integrity sha512-iL9yS2OfxYhigme5bpTbmRyC+Htt6tyo2fRMHT3K1XRL/C5IQDDz37OjpPy4ndx7WInSvfSZaaOTKFja9VWqSw==
  dependencies:
    apollo-utilities "^1.0.0"
    zen-observable-ts "^0.8.10"

apollo-utilities@^1.0.0:
  version "1.0.25"
  resolved "https://registry.yarnpkg.com/apollo-utilities/-/apollo-utilities-1.0.25.tgz#899b00f5f990fb451675adf84cb3de82eb6372ea"
  integrity sha512-AXvqkhni3Ir1ffm4SA1QzXn8k8I5BBl4PVKEyak734i4jFdp+xgfUyi2VCqF64TJlFTA/B73TRDUvO2D+tKtZg==
  dependencies:
    fast-json-stable-stringify "^2.0.0"

arrify@^1.0.0:
  version "1.0.1"
  resolved "https://registry.yarnpkg.com/arrify/-/arrify-1.0.1.tgz#898508da2226f380df904728456849c1501a4b0d"
  integrity sha1-iYUI2iIm84DfkEcoRWhJwVAaSw0=

async-limiter@~1.0.0:
  version "1.0.0"
  resolved "https://registry.yarnpkg.com/async-limiter/-/async-limiter-1.0.0.tgz#78faed8c3d074ab81f22b4e985d79e8738f720f8"
  integrity sha512-jp/uFnooOiO+L211eZOoSyzpOITMXx1rBITauYykG3BRYPu8h0UcxsPNB04RR5vo4Tyz3+ay17tR6JVf9qzYWg==

backo2@^1.0.2:
  version "1.0.2"
  resolved "https://registry.yarnpkg.com/backo2/-/backo2-1.0.2.tgz#31ab1ac8b129363463e35b3ebb69f4dfcfba7947"
  integrity sha1-MasayLEpNjRj41s+u2n038+6eUc=

buffer-equal-constant-time@1.0.1:
  version "1.0.1"
  resolved "https://registry.yarnpkg.com/buffer-equal-constant-time/-/buffer-equal-constant-time-1.0.1.tgz#f8e71132f7ffe6e01a5c9697a4c6f3e48d5cc819"
  integrity sha1-+OcRMvf/5uAaXJaXpMbz5I1cyBk=

buffer-from@^1.0.0, buffer-from@^1.1.0:
  version "1.1.1"
  resolved "https://registry.yarnpkg.com/buffer-from/-/buffer-from-1.1.1.tgz#32713bc028f75c02fdb710d7c7bcec1f2c6070ef"
  integrity sha512-MQcXEUbCKtEo7bhqEs6560Hyd4XaovZlO/k9V3hjVUF/zwW7KBVdSK4gIt/bzwS9MbR5qob+F5jusZsb0YQK2A==

camelcase@^4.1.0:
  version "4.1.0"
  resolved "https://registry.yarnpkg.com/camelcase/-/camelcase-4.1.0.tgz#d545635be1e33c542649c69173e5de6acfae34dd"
  integrity sha1-1UVjW+HjPFQmScaRc+Xeas+uNN0=

cross-fetch@2.2.2:
  version "2.2.2"
  resolved "https://registry.yarnpkg.com/cross-fetch/-/cross-fetch-2.2.2.tgz#a47ff4f7fc712daba8f6a695a11c948440d45723"
  integrity sha1-pH/09/xxLauo9qaVoRyUhEDUVyM=
  dependencies:
    node-fetch "2.1.2"
    whatwg-fetch "2.0.4"

dataloader@^1.4.0:
  version "1.4.0"
  resolved "https://registry.yarnpkg.com/dataloader/-/dataloader-1.4.0.tgz#bca11d867f5d3f1b9ed9f737bd15970c65dff5c8"
  integrity sha512-68s5jYdlvasItOJnCuI2Q9s4q98g0pCyL3HrcKJu8KNugUl8ahgmZYg38ysLTgQjjXX3H8CJLkAvWrclWfcalw==

debug@^4.1.0:
  version "4.1.0"
  resolved "https://registry.yarnpkg.com/debug/-/debug-4.1.0.tgz#373687bffa678b38b1cd91f861b63850035ddc87"
  integrity sha512-heNPJUJIqC+xB6ayLAMHaIrmN9HKa7aQO8MGqKpvCA+uJYVcvR6l5kgdrhRuwPFHU7P5/A1w0BjByPHwpfTDKg==
  dependencies:
    ms "^2.1.1"

diff@^3.1.0:
  version "3.5.0"
  resolved "https://registry.yarnpkg.com/diff/-/diff-3.5.0.tgz#800c0dd1e0a8bfbc95835c202ad220fe317e5a12"
  integrity sha512-A46qtFgd+g7pDZinpnwiRJtxbC1hpgf0uzP3iG89scHk0AUC7A1TGxf5OiiOUv/JMZR8GOt8hL900hV0bOy5xA==

ecdsa-sig-formatter@1.0.10:
  version "1.0.10"
  resolved "https://registry.yarnpkg.com/ecdsa-sig-formatter/-/ecdsa-sig-formatter-1.0.10.tgz#1c595000f04a8897dfb85000892a0f4c33af86c3"
  integrity sha1-HFlQAPBKiJffuFAAiSoPTDOvhsM=
  dependencies:
    safe-buffer "^5.0.1"

eventemitter3@^3.1.0:
  version "3.1.0"
  resolved "https://registry.yarnpkg.com/eventemitter3/-/eventemitter3-3.1.0.tgz#090b4d6cdbd645ed10bf750d4b5407942d7ba163"
  integrity sha512-ivIvhpq/Y0uSjcHDcOIccjmYjGLcP09MFGE7ysAwkAvkXfpZlC985pH2/ui64DKazbTW/4kN3yqozUxlXzI6cA==

fast-json-stable-stringify@^2.0.0:
  version "2.0.0"
  resolved "https://registry.yarnpkg.com/fast-json-stable-stringify/-/fast-json-stable-stringify-2.0.0.tgz#d5142c0caee6b1189f87d3a76111064f86c8bbf2"
  integrity sha1-1RQsDK7msRifh9OnYREGT4bIu/I=

graphql-tag@^2.10.0:
  version "2.10.0"
  resolved "https://registry.yarnpkg.com/graphql-tag/-/graphql-tag-2.10.0.tgz#87da024be863e357551b2b8700e496ee2d4353ae"
  integrity sha512-9FD6cw976TLLf9WYIUPCaaTpniawIjHWZSwIRZSjrfufJamcXbVVYfN2TWvJYbw0Xf2JjYbl1/f2+wDnBVw3/w==

graphql@^14.0.2:
  version "14.0.2"
  resolved "https://registry.yarnpkg.com/graphql/-/graphql-14.0.2.tgz#7dded337a4c3fd2d075692323384034b357f5650"
  integrity sha512-gUC4YYsaiSJT1h40krG3J+USGlwhzNTXSb4IOZljn9ag5Tj+RkoXrWp+Kh7WyE3t1NCfab5kzCuxBIvOMERMXw==
  dependencies:
    iterall "^1.2.2"

http-link-dataloader@^0.1.6:
  version "0.1.6"
  resolved "https://registry.yarnpkg.com/http-link-dataloader/-/http-link-dataloader-0.1.6.tgz#ad87d6b5cb6c2745b14b21ffd9cf476c13976c4f"
  integrity sha512-r9B/n+SR32k++Z3MIAumI+Kv6ucL3+3ZfqcvGECWVkUc2BmfUWKu6gkPH7+uR1UKyUUJyuZENOLS/RDXVyXVTA==
  dependencies:
    apollo-link "^1.2.3"
    cross-fetch "2.2.2"
    dataloader "^1.4.0"

iterall@^1.2.1, iterall@^1.2.2:
  version "1.2.2"
  resolved "https://registry.yarnpkg.com/iterall/-/iterall-1.2.2.tgz#92d70deb8028e0c39ff3164fdbf4d8b088130cd7"
  integrity sha512-yynBb1g+RFUPY64fTrFv7nsjRrENBQJaX2UL+2Szc9REFrSNm1rpSXHGzhmAy7a9uv3vlvgBlXnf9RqmPH1/DA==

jsonwebtoken@^8.3.0:
  version "8.3.0"
  resolved "https://registry.yarnpkg.com/jsonwebtoken/-/jsonwebtoken-8.3.0.tgz#056c90eee9a65ed6e6c72ddb0a1d325109aaf643"
  integrity sha512-oge/hvlmeJCH+iIz1DwcO7vKPkNGJHhgkspk8OH3VKlw+mbi42WtD4ig1+VXRln765vxptAv+xT26Fd3cteqag==
  dependencies:
    jws "^3.1.5"
    lodash.includes "^4.3.0"
    lodash.isboolean "^3.0.3"
    lodash.isinteger "^4.0.4"
    lodash.isnumber "^3.0.3"
    lodash.isplainobject "^4.0.6"
    lodash.isstring "^4.0.1"
    lodash.once "^4.0.0"
    ms "^2.1.1"

jwa@^1.1.5:
  version "1.1.6"
  resolved "https://registry.yarnpkg.com/jwa/-/jwa-1.1.6.tgz#87240e76c9808dbde18783cf2264ef4929ee50e6"
  integrity sha512-tBO/cf++BUsJkYql/kBbJroKOgHWEigTKBAjjBEmrMGYd1QMBC74Hr4Wo2zCZw6ZrVhlJPvoMrkcOnlWR/DJfw==
  dependencies:
    buffer-equal-constant-time "1.0.1"
    ecdsa-sig-formatter "1.0.10"
    safe-buffer "^5.0.1"

jws@^3.1.5:
  version "3.1.5"
  resolved "https://registry.yarnpkg.com/jws/-/jws-3.1.5.tgz#80d12d05b293d1e841e7cb8b4e69e561adcf834f"
  integrity sha512-GsCSexFADNQUr8T5HPJvayTjvPIfoyJPtLQBwn5a4WZQchcrPMPMAWcC1AzJVRDKyD6ZPROPAxgv6rfHViO4uQ==
  dependencies:
    jwa "^1.1.5"
    safe-buffer "^5.0.1"

lodash.flatten@^4.4.0:
  version "4.4.0"
  resolved "https://registry.yarnpkg.com/lodash.flatten/-/lodash.flatten-4.4.0.tgz#f31c22225a9632d2bbf8e4addbef240aa765a61f"
  integrity sha1-8xwiIlqWMtK7+OSt2+8kCqdlph8=

lodash.includes@^4.3.0:
  version "4.3.0"
  resolved "https://registry.yarnpkg.com/lodash.includes/-/lodash.includes-4.3.0.tgz#60bb98a87cb923c68ca1e51325483314849f553f"
  integrity sha1-YLuYqHy5I8aMoeUTJUgzFISfVT8=

lodash.isboolean@^3.0.3:
  version "3.0.3"
  resolved "https://registry.yarnpkg.com/lodash.isboolean/-/lodash.isboolean-3.0.3.tgz#6c2e171db2a257cd96802fd43b01b20d5f5870f6"
  integrity sha1-bC4XHbKiV82WgC/UOwGyDV9YcPY=

lodash.isinteger@^4.0.4:
  version "4.0.4"
  resolved "https://registry.yarnpkg.com/lodash.isinteger/-/lodash.isinteger-4.0.4.tgz#619c0af3d03f8b04c31f5882840b77b11cd68343"
  integrity sha1-YZwK89A/iwTDH1iChAt3sRzWg0M=

lodash.isnumber@^3.0.3:
  version "3.0.3"
  resolved "https://registry.yarnpkg.com/lodash.isnumber/-/lodash.isnumber-3.0.3.tgz#3ce76810c5928d03352301ac287317f11c0b1ffc"
  integrity sha1-POdoEMWSjQM1IwGsKHMX8RwLH/w=

lodash.isplainobject@^4.0.6:
  version "4.0.6"
  resolved "https://registry.yarnpkg.com/lodash.isplainobject/-/lodash.isplainobject-4.0.6.tgz#7c526a52d89b45c45cc690b88163be0497f550cb"
  integrity sha1-fFJqUtibRcRcxpC4gWO+BJf1UMs=

lodash.isstring@^4.0.1:
  version "4.0.1"
  resolved "https://registry.yarnpkg.com/lodash.isstring/-/lodash.isstring-4.0.1.tgz#d527dfb5456eca7cc9bb95d5daeaf88ba54a5451"
  integrity sha1-1SfftUVuynzJu5XV2ur4i6VKVFE=

lodash.once@^4.0.0:
  version "4.1.1"
  resolved "https://registry.yarnpkg.com/lodash.once/-/lodash.once-4.1.1.tgz#0dd3971213c7c56df880977d504c88fb471a97ac"
  integrity sha1-DdOXEhPHxW34gJd9UEyI+0cal6w=

make-error@^1.1.1:
  version "1.3.5"
  resolved "https://registry.yarnpkg.com/make-error/-/make-error-1.3.5.tgz#efe4e81f6db28cadd605c70f29c831b58ef776c8"
  integrity sha512-c3sIjNUow0+8swNwVpqoH4YCShKNFkMaw6oH1mNS2haDZQqkeZFlHS3dhoeEbKKmJB4vXpJucU6oH75aDYeE9g==

minimist@0.0.8:
  version "0.0.8"
  resolved "https://registry.yarnpkg.com/minimist/-/minimist-0.0.8.tgz#857fcabfc3397d2625b8228262e86aa7a011b05d"
  integrity sha1-hX/Kv8M5fSYluCKCYuhqp6ARsF0=

minimist@^1.2.0:
  version "1.2.0"
  resolved "https://registry.yarnpkg.com/minimist/-/minimist-1.2.0.tgz#a35008b20f41383eec1fb914f4cd5df79a264284"
  integrity sha1-o1AIsg9BOD7sH7kU9M1d95omQoQ=

mkdirp@^0.5.1:
  version "0.5.1"
  resolved "https://registry.yarnpkg.com/mkdirp/-/mkdirp-0.5.1.tgz#30057438eac6cf7f8c4767f38648d6697d75c903"
  integrity sha1-MAV0OOrGz3+MR2fzhkjWaX11yQM=
  dependencies:
    minimist "0.0.8"

ms@^2.1.1:
  version "2.1.1"
  resolved "https://registry.yarnpkg.com/ms/-/ms-2.1.1.tgz#30a5864eb3ebb0a66f2ebe6d727af06a09d86e0a"
  integrity sha512-tgp+dl5cGk28utYktBsrFqA7HKgrhgPsg6Z/EfhWI4gl1Hwq8B/GmY/0oXZ6nF8hDVesS/FpnYaD/kOWhYQvyg==

node-fetch@2.1.2:
  version "2.1.2"
  resolved "https://registry.yarnpkg.com/node-fetch/-/node-fetch-2.1.2.tgz#ab884e8e7e57e38a944753cec706f788d1768bb5"
  integrity sha1-q4hOjn5X44qUR1POxwb3iNF2i7U=

prettier@^1.14.3:
  version "1.15.1"
  resolved "https://registry.yarnpkg.com/prettier/-/prettier-1.15.1.tgz#06c67106afb1b40e74b002353b2079cc7e0e67bf"
  integrity sha512-4rgV2hyc/5Pk0XHH4VjJWHRgVjgRbpMfLQjREAhHBtyW1UvTFkjJEsueGYNYYZd9mn97K+1qv0EBwm11zoaSgA==

prisma-client-lib@^1.20.1:
  version "1.20.1"
  resolved "https://registry.yarnpkg.com/prisma-client-lib/-/prisma-client-lib-1.20.1.tgz#4e25f9c682bf5fadc2537739fcdd917b29113df6"
  integrity sha512-ZLkQUasaL1Y7s5wUcs0a8rpyGgV/oHoxmz9H05R38I7vBVGAGqAxWIfX0Hb/OhRUOn6orZ9bCdZnHeiryPhrGg==
  dependencies:
    "@types/node" "^10.12.0"
    "@types/prettier" "^1.13.2"
    debug "^4.1.0"
    graphql-tag "^2.10.0"
    http-link-dataloader "^0.1.6"
    jsonwebtoken "^8.3.0"
    lodash.flatten "^4.4.0"
    prettier "^1.14.3"
    subscriptions-transport-ws "^0.9.15"
    uppercamelcase "^3.0.0"
    ws "^6.1.0"
    zen-observable "^0.8.10"

safe-buffer@^5.0.1:
  version "5.1.2"
  resolved "https://registry.yarnpkg.com/safe-buffer/-/safe-buffer-5.1.2.tgz#991ec69d296e0313747d59bdfd2b745c35f8828d"
  integrity sha512-Gd2UZBJDkXlY7GbJxfsE8/nvKkUEU1G38c1siN6QP6a9PT9MmHB8GnpscSmMJSoF8LOIrt8ud/wPtojys4G6+g==

source-map-support@^0.5.6:
  version "0.5.9"
  resolved "https://registry.yarnpkg.com/source-map-support/-/source-map-support-0.5.9.tgz#41bc953b2534267ea2d605bccfa7bfa3111ced5f"
  integrity sha512-gR6Rw4MvUlYy83vP0vxoVNzM6t8MUXqNuRsuBmBHQDu1Fh6X015FrLdgoDKcNdkwGubozq0P4N0Q37UyFVr1EA==
  dependencies:
    buffer-from "^1.0.0"
    source-map "^0.6.0"

source-map@^0.6.0:
  version "0.6.1"
  resolved "https://registry.yarnpkg.com/source-map/-/source-map-0.6.1.tgz#74722af32e9614e9c287a8d0bbde48b5e2f1a263"
  integrity sha512-UjgapumWlbMhkBgzT7Ykc5YXUT46F0iKu8SGXq0bcwP5dz/h0Plj6enJqjz1Zbq2l5WaqYnrVbwWOWMyF3F47g==

subscriptions-transport-ws@^0.9.15:
  version "0.9.15"
  resolved "https://registry.yarnpkg.com/subscriptions-transport-ws/-/subscriptions-transport-ws-0.9.15.tgz#68a8b7ba0037d8c489fb2f5a102d1494db297d0d"
  integrity sha512-f9eBfWdHsePQV67QIX+VRhf++dn1adyC/PZHP6XI5AfKnZ4n0FW+v5omxwdHVpd4xq2ZijaHEcmlQrhBY79ZWQ==
  dependencies:
    backo2 "^1.0.2"
    eventemitter3 "^3.1.0"
    iterall "^1.2.1"
    symbol-observable "^1.0.4"
    ws "^5.2.0"

symbol-observable@^1.0.4:
  version "1.2.0"
  resolved "https://registry.yarnpkg.com/symbol-observable/-/symbol-observable-1.2.0.tgz#c22688aed4eab3cdc2dfeacbb561660560a00804"
  integrity sha512-e900nM8RRtGhlV36KGEU9k65K3mPb1WV70OdjfxlG2EAuM1noi/E/BaW/uMhL7bPEssK8QV57vN3esixjUvcXQ==

ts-node@^7.0.1:
  version "7.0.1"
  resolved "https://registry.yarnpkg.com/ts-node/-/ts-node-7.0.1.tgz#9562dc2d1e6d248d24bc55f773e3f614337d9baf"
  integrity sha512-BVwVbPJRspzNh2yfslyT1PSbl5uIk03EZlb493RKHN4qej/D06n1cEhjlOJG69oFsE7OT8XjpTUcYf6pKTLMhw==
  dependencies:
    arrify "^1.0.0"
    buffer-from "^1.1.0"
    diff "^3.1.0"
    make-error "^1.1.1"
    minimist "^1.2.0"
    mkdirp "^0.5.1"
    source-map-support "^0.5.6"
    yn "^2.0.0"

typescript@^3.1.6:
  version "3.1.6"
  resolved "https://registry.yarnpkg.com/typescript/-/typescript-3.1.6.tgz#b6543a83cfc8c2befb3f4c8fba6896f5b0c9be68"
  integrity sha512-tDMYfVtvpb96msS1lDX9MEdHrW4yOuZ4Kdc4Him9oU796XldPYF/t2+uKoX0BBa0hXXwDlqYQbXY5Rzjzc5hBA==

uppercamelcase@^3.0.0:
  version "3.0.0"
  resolved "https://registry.yarnpkg.com/uppercamelcase/-/uppercamelcase-3.0.0.tgz#380b321b8d73cba16fec4d752a575152d1ef7317"
  integrity sha1-OAsyG41zy6Fv7E11KldRUtHvcxc=
  dependencies:
    camelcase "^4.1.0"

whatwg-fetch@2.0.4:
  version "2.0.4"
  resolved "https://registry.yarnpkg.com/whatwg-fetch/-/whatwg-fetch-2.0.4.tgz#dde6a5df315f9d39991aa17621853d720b85566f"
  integrity sha512-dcQ1GWpOD/eEQ97k66aiEVpNnapVj90/+R+SXTPYGHpYBBypfKJEQjLrvMZ7YXbKm21gXd4NcuxUTjiv1YtLng==

ws@^5.2.0:
  version "5.2.2"
  resolved "https://registry.yarnpkg.com/ws/-/ws-5.2.2.tgz#dffef14866b8e8dc9133582514d1befaf96e980f"
  integrity sha512-jaHFD6PFv6UgoIVda6qZllptQsMlDEJkTQcybzzXDYM1XO9Y8em691FGMPmM46WGyLU4z9KMgQN+qrux/nhlHA==
  dependencies:
    async-limiter "~1.0.0"

ws@^6.1.0:
  version "6.1.0"
  resolved "https://registry.yarnpkg.com/ws/-/ws-6.1.0.tgz#119a9dbf92c54e190ec18d10e871d55c95cf9373"
  integrity sha512-H3dGVdGvW2H8bnYpIDc3u3LH8Wue3Qh+Zto6aXXFzvESkTVT6rAfKR6tR/+coaUvxs8yHtmNV0uioBF62ZGSTg==
  dependencies:
    async-limiter "~1.0.0"

yn@^2.0.0:
  version "2.0.0"
  resolved "https://registry.yarnpkg.com/yn/-/yn-2.0.0.tgz#e5adabc8acf408f6385fc76495684c88e6af689a"
  integrity sha1-5a2ryKz0CPY4X8dklWhMiOavaJo=

zen-observable-ts@^0.8.10:
  version "0.8.10"
  resolved "https://registry.yarnpkg.com/zen-observable-ts/-/zen-observable-ts-0.8.10.tgz#18e2ce1c89fe026e9621fd83cc05168228fce829"
  integrity sha512-5vqMtRggU/2GhePC9OU4sYEWOdvmayp2k3gjPf4F0mXwB3CSbbNznfDUvDJx9O2ZTa1EIXdJhPchQveFKwNXPQ==
  dependencies:
    zen-observable "^0.8.0"

zen-observable@^0.8.0, zen-observable@^0.8.10:
  version "0.8.11"
  resolved "https://registry.yarnpkg.com/zen-observable/-/zen-observable-0.8.11.tgz#d3415885eeeb42ee5abb9821c95bb518fcd6d199"
  integrity sha512-N3xXQVr4L61rZvGMpWe8XoCGX8vhU35dPyQ4fm5CY/KDlG0F75un14hjbckPXTDuKUY6V0dqR2giT6xN8Y4GEQ==
